// !$*UTF8*$!
{
	archiveVersion = 1;
	classes = {
	};
	objectVersion = 50;
	objects = {

/* Begin PBXBuildFile section */
		2815942126EEF70D00302AD1 /* AppDelegate.swift in Sources */ = {isa = PBXBuildFile; fileRef = 2815942026EEF70D00302AD1 /* AppDelegate.swift */; };
		2815942326EEF70D00302AD1 /* SceneDelegate.swift in Sources */ = {isa = PBXBuildFile; fileRef = 2815942226EEF70D00302AD1 /* SceneDelegate.swift */; };
		2815942526EEF70D00302AD1 /* LoginViewController.swift in Sources */ = {isa = PBXBuildFile; fileRef = 2815942426EEF70D00302AD1 /* LoginViewController.swift */; };
		2815942826EEF70D00302AD1 /* Main.storyboard in Resources */ = {isa = PBXBuildFile; fileRef = 2815942626EEF70D00302AD1 /* Main.storyboard */; };
		2815942A26EEF70F00302AD1 /* Assets.xcassets in Resources */ = {isa = PBXBuildFile; fileRef = 2815942926EEF70F00302AD1 /* Assets.xcassets */; };
		2815942D26EEF70F00302AD1 /* LaunchScreen.storyboard in Resources */ = {isa = PBXBuildFile; fileRef = 2815942B26EEF70F00302AD1 /* LaunchScreen.storyboard */; };
		2815943526F08E0800302AD1 /* TasksViewController.swift in Sources */ = {isa = PBXBuildFile; fileRef = 2815943426F08E0800302AD1 /* TasksViewController.swift */; };
		289F474826F18C3700BF5CAC /* GoogleService-Info.plist in Resources */ = {isa = PBXBuildFile; fileRef = 289F474726F18C3700BF5CAC /* GoogleService-Info.plist */; };
		86DD3C82F7B1F5B5BFC2E567 /* Pods_toDoList.framework in Frameworks */ = {isa = PBXBuildFile; fileRef = 08C3DD507118AE2969029C2A /* Pods_toDoList.framework */; };
/* End PBXBuildFile section */

/* Begin PBXFileReference section */
		08C3DD507118AE2969029C2A /* Pods_toDoList.framework */ = {isa = PBXFileReference; explicitFileType = wrapper.framework; includeInIndex = 0; path = Pods_toDoList.framework; sourceTree = BUILT_PRODUCTS_DIR; };
		123EEF8EC2EFCDD5364CDAD0 /* Pods-toDoList.release.xcconfig */ = {isa = PBXFileReference; includeInIndex = 1; lastKnownFileType = text.xcconfig; name = "Pods-toDoList.release.xcconfig"; path = "Target Support Files/Pods-toDoList/Pods-toDoList.release.xcconfig"; sourceTree = "<group>"; };
		2815941D26EEF70D00302AD1 /* toDoList.app */ = {isa = PBXFileReference; explicitFileType = wrapper.application; includeInIndex = 0; path = toDoList.app; sourceTree = BUILT_PRODUCTS_DIR; };
		2815942026EEF70D00302AD1 /* AppDelegate.swift */ = {isa = PBXFileReference; lastKnownFileType = sourcecode.swift; path = AppDelegate.swift; sourceTree = "<group>"; };
		2815942226EEF70D00302AD1 /* SceneDelegate.swift */ = {isa = PBXFileReference; lastKnownFileType = sourcecode.swift; path = SceneDelegate.swift; sourceTree = "<group>"; };
		2815942426EEF70D00302AD1 /* LoginViewController.swift */ = {isa = PBXFileReference; lastKnownFileType = sourcecode.swift; path = LoginViewController.swift; sourceTree = "<group>"; };
		2815942726EEF70D00302AD1 /* Base */ = {isa = PBXFileReference; lastKnownFileType = file.storyboard; name = Base; path = Base.lproj/Main.storyboard; sourceTree = "<group>"; };
		2815942926EEF70F00302AD1 /* Assets.xcassets */ = {isa = PBXFileReference; lastKnownFileType = folder.assetcatalog; path = Assets.xcassets; sourceTree = "<group>"; };
		2815942C26EEF70F00302AD1 /* Base */ = {isa = PBXFileReference; lastKnownFileType = file.storyboard; name = Base; path = Base.lproj/LaunchScreen.storyboard; sourceTree = "<group>"; };
		2815942E26EEF70F00302AD1 /* Info.plist */ = {isa = PBXFileReference; lastKnownFileType = text.plist.xml; path = Info.plist; sourceTree = "<group>"; };
		2815943426F08E0800302AD1 /* TasksViewController.swift */ = {isa = PBXFileReference; lastKnownFileType = sourcecode.swift; path = TasksViewController.swift; sourceTree = "<group>"; };
		289F474726F18C3700BF5CAC /* GoogleService-Info.plist */ = {isa = PBXFileReference; fileEncoding = 4; lastKnownFileType = text.plist.xml; path = "GoogleService-Info.plist"; sourceTree = "<group>"; };
		DA8264FDF38B1C0753B5111B /* Pods-toDoList.debug.xcconfig */ = {isa = PBXFileReference; includeInIndex = 1; lastKnownFileType = text.xcconfig; name = "Pods-toDoList.debug.xcconfig"; path = "Target Support Files/Pods-toDoList/Pods-toDoList.debug.xcconfig"; sourceTree = "<group>"; };
/* End PBXFileReference section */

/* Begin PBXFrameworksBuildPhase section */
		2815941A26EEF70D00302AD1 /* Frameworks */ = {
			isa = PBXFrameworksBuildPhase;
			buildActionMask = 2147483647;
			files = (
				86DD3C82F7B1F5B5BFC2E567 /* Pods_toDoList.framework in Frameworks */,
			);
			runOnlyForDeploymentPostprocessing = 0;
		};
/* End PBXFrameworksBuildPhase section */

/* Begin PBXGroup section */
		2815941426EEF70D00302AD1 = {
			isa = PBXGroup;
			children = (
				2815941F26EEF70D00302AD1 /* toDoList */,
				2815941E26EEF70D00302AD1 /* Products */,
				328DABF82251BB428DC63BBB /* Pods */,
				8EA720056765AA1787D469CB /* Frameworks */,
			);
			sourceTree = "<group>";
		};
		2815941E26EEF70D00302AD1 /* Products */ = {
			isa = PBXGroup;
			children = (
				2815941D26EEF70D00302AD1 /* toDoList.app */,
			);
			name = Products;
			sourceTree = "<group>";
		};
		2815941F26EEF70D00302AD1 /* toDoList */ = {
			isa = PBXGroup;
			children = (
				2815943826F08E7600302AD1 /* Controller */,
				2815943626F08E3900302AD1 /* Supporting files */,
			);
			path = toDoList;
			sourceTree = "<group>";
		};
		2815943626F08E3900302AD1 /* Supporting files */ = {
			isa = PBXGroup;
			children = (
				2815942026EEF70D00302AD1 /* AppDelegate.swift */,
				2815942226EEF70D00302AD1 /* SceneDelegate.swift */,
				2815942626EEF70D00302AD1 /* Main.storyboard */,
				2815942926EEF70F00302AD1 /* Assets.xcassets */,
				2815942B26EEF70F00302AD1 /* LaunchScreen.storyboard */,
				2815942E26EEF70F00302AD1 /* Info.plist */,
				289F474726F18C3700BF5CAC /* GoogleService-Info.plist */,
			);
			path = "Supporting files";
			sourceTree = "<group>";
		};
		2815943826F08E7600302AD1 /* Controller */ = {
			isa = PBXGroup;
			children = (
				2815942426EEF70D00302AD1 /* LoginViewController.swift */,
				2815943426F08E0800302AD1 /* TasksViewController.swift */,
			);
			path = Controller;
			sourceTree = "<group>";
		};
		328DABF82251BB428DC63BBB /* Pods */ = {
			isa = PBXGroup;
			children = (
				DA8264FDF38B1C0753B5111B /* Pods-toDoList.debug.xcconfig */,
				123EEF8EC2EFCDD5364CDAD0 /* Pods-toDoList.release.xcconfig */,
			);
			name = Pods;
			path = Pods;
			sourceTree = "<group>";
		};
		8EA720056765AA1787D469CB /* Frameworks */ = {
			isa = PBXGroup;
			children = (
				08C3DD507118AE2969029C2A /* Pods_toDoList.framework */,
			);
			name = Frameworks;
			sourceTree = "<group>";
		};
/* End PBXGroup section */

/* Begin PBXNativeTarget section */
		2815941C26EEF70D00302AD1 /* toDoList */ = {
			isa = PBXNativeTarget;
			buildConfigurationList = 2815943126EEF70F00302AD1 /* Build configuration list for PBXNativeTarget "toDoList" */;
			buildPhases = (
				4AC4A04BA73860537C350342 /* [CP] Check Pods Manifest.lock */,
				2815941926EEF70D00302AD1 /* Sources */,
				2815941A26EEF70D00302AD1 /* Frameworks */,
				2815941B26EEF70D00302AD1 /* Resources */,
				25D8343873CBA9D357DD5816 /* [CP] Embed Pods Frameworks */,
			);
			buildRules = (
			);
			dependencies = (
			);
			name = toDoList;
			productName = toDoList;
			productReference = 2815941D26EEF70D00302AD1 /* toDoList.app */;
			productType = "com.apple.product-type.application";
		};
/* End PBXNativeTarget section */

/* Begin PBXProject section */
		2815941526EEF70D00302AD1 /* Project object */ = {
			isa = PBXProject;
			attributes = {
				LastSwiftUpdateCheck = 1250;
				LastUpgradeCheck = 1250;
				TargetAttributes = {
					2815941C26EEF70D00302AD1 = {
						CreatedOnToolsVersion = 12.5.1;
					};
				};
			};
			buildConfigurationList = 2815941826EEF70D00302AD1 /* Build configuration list for PBXProject "toDoList" */;
			compatibilityVersion = "Xcode 9.3";
			developmentRegion = en;
			hasScannedForEncodings = 0;
			knownRegions = (
				en,
				Base,
			);
			mainGroup = 2815941426EEF70D00302AD1;
			productRefGroup = 2815941E26EEF70D00302AD1 /* Products */;
			projectDirPath = "";
			projectRoot = "";
			targets = (
				2815941C26EEF70D00302AD1 /* toDoList */,
			);
		};
/* End PBXProject section */

/* Begin PBXResourcesBuildPhase section */
		2815941B26EEF70D00302AD1 /* Resources */ = {
			isa = PBXResourcesBuildPhase;
			buildActionMask = 2147483647;
			files = (
				2815942D26EEF70F00302AD1 /* LaunchScreen.storyboard in Resources */,
				289F474826F18C3700BF5CAC /* GoogleService-Info.plist in Resources */,
				2815942A26EEF70F00302AD1 /* Assets.xcassets in Resources */,
				2815942826EEF70D00302AD1 /* Main.storyboard in Resources */,
			);
			runOnlyForDeploymentPostprocessing = 0;
		};
/* End PBXResourcesBuildPhase section */

/* Begin PBXShellScriptBuildPhase section */
		25D8343873CBA9D357DD5816 /* [CP] Embed Pods Frameworks */ = {
			isa = PBXShellScriptBuildPhase;
			buildActionMask = 2147483647;
			files = (
			);
			inputFileListPaths = (
				"${PODS_ROOT}/Target Support Files/Pods-toDoList/Pods-toDoList-frameworks-${CONFIGURATION}-input-files.xcfilelist",
			);
			name = "[CP] Embed Pods Frameworks";
			outputFileListPaths = (
				"${PODS_ROOT}/Target Support Files/Pods-toDoList/Pods-toDoList-frameworks-${CONFIGURATION}-output-files.xcfilelist",
			);
			runOnlyForDeploymentPostprocessing = 0;
			shellPath = /bin/sh;
			shellScript = "\"${PODS_ROOT}/Target Support Files/Pods-toDoList/Pods-toDoList-frameworks.sh\"\n";
			showEnvVarsInLog = 0;
		};
		4AC4A04BA73860537C350342 /* [CP] Check Pods Manifest.lock */ = {
			isa = PBXShellScriptBuildPhase;
			buildActionMask = 2147483647;
			files = (
			);
			inputFileListPaths = (
			);
			inputPaths = (
				"${PODS_PODFILE_DIR_PATH}/Podfile.lock",
				"${PODS_ROOT}/Manifest.lock",
			);
			name = "[CP] Check Pods Manifest.lock";
			outputFileListPaths = (
			);
			outputPaths = (
				"$(DERIVED_FILE_DIR)/Pods-toDoList-checkManifestLockResult.txt",
			);
			runOnlyForDeploymentPostprocessing = 0;
			shellPath = /bin/sh;
			shellScript = "diff \"${PODS_PODFILE_DIR_PATH}/Podfile.lock\" \"${PODS_ROOT}/Manifest.lock\" > /dev/null\nif [ $? != 0 ] ; then\n    # print error to STDERR\n    echo \"error: The sandbox is not in sync with the Podfile.lock. Run 'pod install' or update your CocoaPods installation.\" >&2\n    exit 1\nfi\n# This output is used by Xcode 'outputs' to avoid re-running this script phase.\necho \"SUCCESS\" > \"${SCRIPT_OUTPUT_FILE_0}\"\n";
			showEnvVarsInLog = 0;
		};
/* End PBXShellScriptBuildPhase section */

/* Begin PBXSourcesBuildPhase section */
		2815941926EEF70D00302AD1 /* Sources */ = {
			isa = PBXSourcesBuildPhase;
			buildActionMask = 2147483647;
			files = (
				2815942526EEF70D00302AD1 /* LoginViewController.swift in Sources */,
				2815943526F08E0800302AD1 /* TasksViewController.swift in Sources */,
				2815942126EEF70D00302AD1 /* AppDelegate.swift in Sources */,
				2815942326EEF70D00302AD1 /* SceneDelegate.swift in Sources */,
			);
			runOnlyForDeploymentPostprocessing = 0;
		};
/* End PBXSourcesBuildPhase section */

/* Begin PBXVariantGroup section */
		2815942626EEF70D00302AD1 /* Main.storyboard */ = {
			isa = PBXVariantGroup;
			children = (
				2815942726EEF70D00302AD1 /* Base */,
			);
			name = Main.storyboard;
			sourceTree = "<group>";
		};
		2815942B26EEF70F00302AD1 /* LaunchScreen.storyboard */ = {
			isa = PBXVariantGroup;
			children = (
				2815942C26EEF70F00302AD1 /* Base */,
			);
			name = LaunchScreen.storyboard;
			sourceTree = "<group>";
		};
/* End PBXVariantGroup section */

/* Begin XCBuildConfiguration section */
		2815942F26EEF70F00302AD1 /* Debug */ = {
			isa = XCBuildConfiguration;
			buildSettings = {
				ALWAYS_SEARCH_USER_PATHS = NO;
				CLANG_ANALYZER_NONNULL = YES;
				CLANG_ANALYZER_NUMBER_OBJECT_CONVERSION = YES_AGGRESSIVE;
				CLANG_CXX_LANGUAGE_STANDARD = "gnu++14";
				CLANG_CXX_LIBRARY = "libc++";
				CLANG_ENABLE_MODULES = YES;
				CLANG_ENABLE_OBJC_ARC = YES;
				CLANG_ENABLE_OBJC_WEAK = YES;
				CLANG_WARN_BLOCK_CAPTURE_AUTORELEASING = YES;
				CLANG_WARN_BOOL_CONVERSION = YES;
				CLANG_WARN_COMMA = YES;
				CLANG_WARN_CONSTANT_CONVERSION = YES;
				CLANG_WARN_DEPRECATED_OBJC_IMPLEMENTATIONS = YES;
				CLANG_WARN_DIRECT_OBJC_ISA_USAGE = YES_ERROR;
				CLANG_WARN_DOCUMENTATION_COMMENTS = YES;
				CLANG_WARN_EMPTY_BODY = YES;
				CLANG_WARN_ENUM_CONVERSION = YES;
				CLANG_WARN_INFINITE_RECURSION = YES;
				CLANG_WARN_INT_CONVERSION = YES;
				CLANG_WARN_NON_LITERAL_NULL_CONVERSION = YES;
				CLANG_WARN_OBJC_IMPLICIT_RETAIN_SELF = YES;
				CLANG_WARN_OBJC_LITERAL_CONVERSION = YES;
				CLANG_WARN_OBJC_ROOT_CLASS = YES_ERROR;
				CLANG_WARN_QUOTED_INCLUDE_IN_FRAMEWORK_HEADER = YES;
				CLANG_WARN_RANGE_LOOP_ANALYSIS = YES;
				CLANG_WARN_STRICT_PROTOTYPES = YES;
				CLANG_WARN_SUSPICIOUS_MOVE = YES;
				CLANG_WARN_UNGUARDED_AVAILABILITY = YES_AGGRESSIVE;
				CLANG_WARN_UNREACHABLE_CODE = YES;
				CLANG_WARN__DUPLICATE_METHOD_MATCH = YES;
				COPY_PHASE_STRIP = NO;
				DEBUG_INFORMATION_FORMAT = dwarf;
				ENABLE_STRICT_OBJC_MSGSEND = YES;
				ENABLE_TESTABILITY = YES;
				GCC_C_LANGUAGE_STANDARD = gnu11;
				GCC_DYNAMIC_NO_PIC = NO;
				GCC_NO_COMMON_BLOCKS = YES;
				GCC_OPTIMIZATION_LEVEL = 0;
				GCC_PREPROCESSOR_DEFINITIONS = (
					"DEBUG=1",
					"$(inherited)",
				);
				GCC_WARN_64_TO_32_BIT_CONVERSION = YES;
				GCC_WARN_ABOUT_RETURN_TYPE = YES_ERROR;
				GCC_WARN_UNDECLARED_SELECTOR = YES;
				GCC_WARN_UNINITIALIZED_AUTOS = YES_AGGRESSIVE;
				GCC_WARN_UNUSED_FUNCTION = YES;
				GCC_WARN_UNUSED_VARIABLE = YES;
				IPHONEOS_DEPLOYMENT_TARGET = 14.5;
				MTL_ENABLE_DEBUG_INFO = INCLUDE_SOURCE;
				MTL_FAST_MATH = YES;
				ONLY_ACTIVE_ARCH = YES;
				SDKROOT = iphoneos;
				SWIFT_ACTIVE_COMPILATION_CONDITIONS = DEBUG;
				SWIFT_OPTIMIZATION_LEVEL = "-Onone";
			};
			name = Debug;
		};
		2815943026EEF70F00302AD1 /* Release */ = {
			isa = XCBuildConfiguration;
			buildSettings = {
				ALWAYS_SEARCH_USER_PATHS = NO;
				CLANG_ANALYZER_NONNULL = YES;
				CLANG_ANALYZER_NUMBER_OBJECT_CONVERSION = YES_AGGRESSIVE;
				CLANG_CXX_LANGUAGE_STANDARD = "gnu++14";
				CLANG_CXX_LIBRARY = "libc++";
				CLANG_ENABLE_MODULES = YES;
				CLANG_ENABLE_OBJC_ARC = YES;
				CLANG_ENABLE_OBJC_WEAK = YES;
				CLANG_WARN_BLOCK_CAPTURE_AUTORELEASING = YES;
				CLANG_WARN_BOOL_CONVERSION = YES;
				CLANG_WARN_COMMA = YES;
				CLANG_WARN_CONSTANT_CONVERSION = YES;
				CLANG_WARN_DEPRECATED_OBJC_IMPLEMENTATIONS = YES;
				CLANG_WARN_DIRECT_OBJC_ISA_USAGE = YES_ERROR;
				CLANG_WARN_DOCUMENTATION_COMMENTS = YES;
				CLANG_WARN_EMPTY_BODY = YES;
				CLANG_WARN_ENUM_CONVERSION = YES;
				CLANG_WARN_INFINITE_RECURSION = YES;
				CLANG_WARN_INT_CONVERSION = YES;
				CLANG_WARN_NON_LITERAL_NULL_CONVERSION = YES;
				CLANG_WARN_OBJC_IMPLICIT_RETAIN_SELF = YES;
				CLANG_WARN_OBJC_LITERAL_CONVERSION = YES;
				CLANG_WARN_OBJC_ROOT_CLASS = YES_ERROR;
				CLANG_WARN_QUOTED_INCLUDE_IN_FRAMEWORK_HEADER = YES;
				CLANG_WARN_RANGE_LOOP_ANALYSIS = YES;
				CLANG_WARN_STRICT_PROTOTYPES = YES;
				CLANG_WARN_SUSPICIOUS_MOVE = YES;
				CLANG_WARN_UNGUARDED_AVAILABILITY = YES_AGGRESSIVE;
				CLANG_WARN_UNREACHABLE_CODE = YES;
				CLANG_WARN__DUPLICATE_METHOD_MATCH = YES;
				COPY_PHASE_STRIP = NO;
				DEBUG_INFORMATION_FORMAT = "dwarf-with-dsym";
				ENABLE_NS_ASSERTIONS = NO;
				ENABLE_STRICT_OBJC_MSGSEND = YES;
				GCC_C_LANGUAGE_STANDARD = gnu11;
				GCC_NO_COMMON_BLOCKS = YES;
				GCC_WARN_64_TO_32_BIT_CONVERSION = YES;
				GCC_WARN_ABOUT_RETURN_TYPE = YES_ERROR;
				GCC_WARN_UNDECLARED_SELECTOR = YES;
				GCC_WARN_UNINITIALIZED_AUTOS = YES_AGGRESSIVE;
				GCC_WARN_UNUSED_FUNCTION = YES;
				GCC_WARN_UNUSED_VARIABLE = YES;
				IPHONEOS_DEPLOYMENT_TARGET = 14.5;
				MTL_ENABLE_DEBUG_INFO = NO;
				MTL_FAST_MATH = YES;
				SDKROOT = iphoneos;
				SWIFT_COMPILATION_MODE = wholemodule;
				SWIFT_OPTIMIZATION_LEVEL = "-O";
				VALIDATE_PRODUCT = YES;
			};
			name = Release;
		};
		2815943226EEF70F00302AD1 /* Debug */ = {
			isa = XCBuildConfiguration;
			baseConfigurationReference = DA8264FDF38B1C0753B5111B /* Pods-toDoList.debug.xcconfig */;
			buildSettings = {
				ASSETCATALOG_COMPILER_APPICON_NAME = AppIcon;
				ASSETCATALOG_COMPILER_GLOBAL_ACCENT_COLOR_NAME = AccentColor;
				CODE_SIGN_STYLE = Automatic;
				DEVELOPMENT_TEAM = VYL5GRS47S;
				INFOPLIST_FILE = "/Users/rio/Documents/My/Skillbox/iOS/SwiftBook.ru/12 Firebase/toDoList/toDoList/Supporting files/Info.plist";
				LD_RUNPATH_SEARCH_PATHS = (
					"$(inherited)",
					"@executable_path/Frameworks",
				);
				PRODUCT_BUNDLE_IDENTIFIER = tsolovart.toDoList;
				PRODUCT_NAME = "$(TARGET_NAME)";
				SWIFT_VERSION = 5.0;
				TARGETED_DEVICE_FAMILY = "1,2";
			};
			name = Debug;
		};
		2815943326EEF70F00302AD1 /* Release */ = {
			isa = XCBuildConfiguration;
			baseConfigurationReference = 123EEF8EC2EFCDD5364CDAD0 /* Pods-toDoList.release.xcconfig */;
			buildSettings = {
				ASSETCATALOG_COMPILER_APPICON_NAME = AppIcon;
				ASSETCATALOG_COMPILER_GLOBAL_ACCENT_COLOR_NAME = AccentColor;
				CODE_SIGN_STYLE = Automatic;
				DEVELOPMENT_TEAM = VYL5GRS47S;
				INFOPLIST_FILE = "/Users/rio/Documents/My/Skillbox/iOS/SwiftBook.ru/12 Firebase/toDoList/toDoList/Supporting files/Info.plist";
				LD_RUNPATH_SEARCH_PATHS = (
					"$(inherited)",
					"@executable_path/Frameworks",
				);
				PRODUCT_BUNDLE_IDENTIFIER = tsolovart.toDoList;
				PRODUCT_NAME = "$(TARGET_NAME)";
				SWIFT_VERSION = 5.0;
				TARGETED_DEVICE_FAMILY = "1,2";
			};
			name = Release;
		};
/* End XCBuildConfiguration section */

/* Begin XCConfigurationList section */
		2815941826EEF70D00302AD1 /* Build configuration list for PBXProject "toDoList" */ = {
			isa = XCConfigurationList;
			buildConfigurations = (
				2815942F26EEF70F00302AD1 /* Debug */,
				2815943026EEF70F00302AD1 /* Release */,
			);
			defaultConfigurationIsVisible = 0;
			defaultConfigurationName = Release;
		};
		2815943126EEF70F00302AD1 /* Build configuration list for PBXNativeTarget "toDoList" */ = {
			isa = XCConfigurationList;
			buildConfigurations = (
				2815943226EEF70F00302AD1 /* Debug */,
				2815943326EEF70F00302AD1 /* Release */,
			);
			defaultConfigurationIsVisible = 0;
			defaultConfigurationName = Release;
		};
/* End XCConfigurationList section */
	};
	rootObject = 2815941526EEF70D00302AD1 /* Project object */;
}
